
Microsoft Visual Studio Solution File, Format Version 12.00
# Visual Studio Version 17
VisualStudioVersion = 17.7.34031.279
MinimumVisualStudioVersion = 10.0.40219.1
Project("{FAE04EC0-301F-11D3-BF4B-00C04F79EFBC}") = "ndsgame", "ndsgame\ndsgame.csproj", "{B7C396B9-FCEB-48D8-8B1B-AC681C7A427A}"
EndProject
Global
	GlobalSection(SolutionConfigurationPlatforms) = preSolution
		Debug|Any CPU = Debug|Any CPU
		Release|Any CPU = Release|Any CPU
	EndGlobalSection
	GlobalSection(ProjectConfigurationPlatforms) = postSolution
		{B7C396B9-FCEB-48D8-8B1B-AC681C7A427A}.Debug|Any CPU.ActiveCfg = Debug|Any CPU
		{B7C396B9-FCEB-48D8-8B1B-AC681C7A427A}.Debug|Any CPU.Build.0 = Debug|Any CPU
		{B7C396B9-FCEB-48D8-8B1B-AC681C7A427A}.Release|Any CPU.ActiveCfg = Release|Any CPU
		{B7C396B9-FCEB-48D8-8B1B-AC681C7A427A}.Release|Any CPU.Build.0 = Release|Any CPU
	EndGlobalSection
	GlobalSection(SolutionProperties) = preSolution
		HideSolutionNode = FALSE
	EndGlobalSection
	GlobalSection(ExtensibilityGlobals) = postSolution
		SolutionGuid = {8DF58AEE-B4DD-40F3-88AD-996C56A2B9A4}
	EndGlobalSection
EndGlobal
